
Microsoft Visual Studio Solution File, Format Version 12.00
# Visual Studio Version 17
VisualStudioVersion = 17.0.32112.339
MinimumVisualStudioVersion = 10.0.40219.1
Project("{FAE04EC0-301F-11D3-BF4B-00C04F79EFBC}") = "TallerWeb", "TallerWeb\TallerWeb.csproj", "{8343A682-9682-43C9-B1D2-2A8C77E68162}"
EndProject
Global
	GlobalSection(SolutionConfigurationPlatforms) = preSolution
		Debug|Any CPU = Debug|Any CPU
		Release|Any CPU = Release|Any CPU
	EndGlobalSection
	GlobalSection(ProjectConfigurationPlatforms) = postSolution
		{8343A682-9682-43C9-B1D2-2A8C77E68162}.Debug|Any CPU.ActiveCfg = Debug|Any CPU
		{8343A682-9682-43C9-B1D2-2A8C77E68162}.Debug|Any CPU.Build.0 = Debug|Any CPU
		{8343A682-9682-43C9-B1D2-2A8C77E68162}.Release|Any CPU.ActiveCfg = Release|Any CPU
		{8343A682-9682-43C9-B1D2-2A8C77E68162}.Release|Any CPU.Build.0 = Release|Any CPU
	EndGlobalSection
	GlobalSection(SolutionProperties) = preSolution
		HideSolutionNode = FALSE
	EndGlobalSection
	GlobalSection(ExtensibilityGlobals) = postSolution
		SolutionGuid = {661BE0B4-4A0B-4CC8-A8B2-5BFE1E9671B1}
	EndGlobalSection
EndGlobal
